
Microsoft Visual Studio Solution File, Format Version 12.00
# Visual Studio Version 17
VisualStudioVersion = 17.14.36717.8
MinimumVisualStudioVersion = 10.0.40219.1
Project("{FAE04EC0-301F-11D3-BF4B-00C04F79EFBC}") = "Restaurant_MS_UI", "Restaurant_MS_UI.csproj", "{8C3472AA-7474-4953-9C49-C563AE144058}"
EndProject
Project("{FAE04EC0-301F-11D3-BF4B-00C04F79EFBC}") = "Restaurant_MS_Infrastructure", "..\Restaurant_MS_Infrastructure\Restaurant_MS_Infrastructure.csproj", "{A5F03A7B-E06A-497F-84BF-95FB0ACA3600}"
EndProject
Project("{FAE04EC0-301F-11D3-BF4B-00C04F79EFBC}") = "Restaurant_MS_Core", "..\Restaurant_MS_Core\Restaurant_MS_Core.csproj", "{77FF96F9-380D-462E-A23A-1D955901683C}"
EndProject
Project("{FAE04EC0-301F-11D3-BF4B-00C04F79EFBC}") = "Utilities", "..\Utilities\Utilities.csproj", "{309C0002-D1F1-4B05-9842-8C204A74D199}"
EndProject
Project("{FAE04EC0-301F-11D3-BF4B-00C04F79EFBC}") = "Restaurant_MS_UI_Reports", "..\Restaurant_MS_UI_Reports\Restaurant_MS_UI_Reports.csproj", "{5DBE32D3-E4C5-4E28-8D83-C8C39A7D89F6}"
EndProject
Project("{FAE04EC0-301F-11D3-BF4B-00C04F79EFBC}") = "Restaurant_MS_Suppliers", "..\Restaurant_MS_Suppliers\Restaurant_MS_Suppliers.csproj", "{B94D97EA-4F4F-4224-B526-7699AFBEAEBD}"
EndProject
Global
	GlobalSection(SolutionConfigurationPlatforms) = preSolution
		Debug|Any CPU = Debug|Any CPU
		Release|Any CPU = Release|Any CPU
	EndGlobalSection
	GlobalSection(ProjectConfigurationPlatforms) = postSolution
		{8C3472AA-7474-4953-9C49-C563AE144058}.Debug|Any CPU.ActiveCfg = Debug|Any CPU
		{8C3472AA-7474-4953-9C49-C563AE144058}.Debug|Any CPU.Build.0 = Debug|Any CPU
		{8C3472AA-7474-4953-9C49-C563AE144058}.Release|Any CPU.ActiveCfg = Release|Any CPU
		{8C3472AA-7474-4953-9C49-C563AE144058}.Release|Any CPU.Build.0 = Release|Any CPU
		{A5F03A7B-E06A-497F-84BF-95FB0ACA3600}.Debug|Any CPU.ActiveCfg = Debug|Any CPU
		{A5F03A7B-E06A-497F-84BF-95FB0ACA3600}.Debug|Any CPU.Build.0 = Debug|Any CPU
		{A5F03A7B-E06A-497F-84BF-95FB0ACA3600}.Release|Any CPU.ActiveCfg = Release|Any CPU
		{A5F03A7B-E06A-497F-84BF-95FB0ACA3600}.Release|Any CPU.Build.0 = Release|Any CPU
		{77FF96F9-380D-462E-A23A-1D955901683C}.Debug|Any CPU.ActiveCfg = Debug|Any CPU
		{77FF96F9-380D-462E-A23A-1D955901683C}.Debug|Any CPU.Build.0 = Debug|Any CPU
		{77FF96F9-380D-462E-A23A-1D955901683C}.Release|Any CPU.ActiveCfg = Release|Any CPU
		{77FF96F9-380D-462E-A23A-1D955901683C}.Release|Any CPU.Build.0 = Release|Any CPU
		{309C0002-D1F1-4B05-9842-8C204A74D199}.Debug|Any CPU.ActiveCfg = Debug|Any CPU
		{309C0002-D1F1-4B05-9842-8C204A74D199}.Debug|Any CPU.Build.0 = Debug|Any CPU
		{309C0002-D1F1-4B05-9842-8C204A74D199}.Release|Any CPU.ActiveCfg = Release|Any CPU
		{309C0002-D1F1-4B05-9842-8C204A74D199}.Release|Any CPU.Build.0 = Release|Any CPU
		{5DBE32D3-E4C5-4E28-8D83-C8C39A7D89F6}.Debug|Any CPU.ActiveCfg = Debug|Any CPU
		{5DBE32D3-E4C5-4E28-8D83-C8C39A7D89F6}.Debug|Any CPU.Build.0 = Debug|Any CPU
		{5DBE32D3-E4C5-4E28-8D83-C8C39A7D89F6}.Release|Any CPU.ActiveCfg = Release|Any CPU
		{5DBE32D3-E4C5-4E28-8D83-C8C39A7D89F6}.Release|Any CPU.Build.0 = Release|Any CPU
		{B94D97EA-4F4F-4224-B526-7699AFBEAEBD}.Debug|Any CPU.ActiveCfg = Debug|Any CPU
		{B94D97EA-4F4F-4224-B526-7699AFBEAEBD}.Debug|Any CPU.Build.0 = Debug|Any CPU
		{B94D97EA-4F4F-4224-B526-7699AFBEAEBD}.Release|Any CPU.ActiveCfg = Release|Any CPU
		{B94D97EA-4F4F-4224-B526-7699AFBEAEBD}.Release|Any CPU.Build.0 = Release|Any CPU
	EndGlobalSection
	GlobalSection(SolutionProperties) = preSolution
		HideSolutionNode = FALSE
	EndGlobalSection
	GlobalSection(ExtensibilityGlobals) = postSolution
		SolutionGuid = {A390E496-690C-43D6-93D9-0C047F5D4A1F}
	EndGlobalSection
EndGlobal
